
Microsoft Visual Studio Solution File, Format Version 12.00
# Visual Studio Version 17
VisualStudioVersion = 17.14.36301.6 d17.14
MinimumVisualStudioVersion = 10.0.40219.1
Project("{FAE04EC0-301F-11D3-BF4B-00C04F79EFBC}") = "App", "App.csproj", "{60E04F7C-0535-46C9-9BAB-B118E87F2644}"
EndProject
Project("{FAE04EC0-301F-11D3-BF4B-00C04F79EFBC}") = "BLL", "..\BLL\BLL.csproj", "{95FBAC5F-B58C-4778-B4EA-8E22F5E12C73}"
EndProject
Project("{FAE04EC0-301F-11D3-BF4B-00C04F79EFBC}") = "DAL", "..\DAL\DAL.csproj", "{078BBA43-1C05-4C91-BF6E-61B4C7BF7788}"
EndProject
Global
	GlobalSection(SolutionConfigurationPlatforms) = preSolution
		Debug|Any CPU = Debug|Any CPU
		Release|Any CPU = Release|Any CPU
	EndGlobalSection
	GlobalSection(ProjectConfigurationPlatforms) = postSolution
		{60E04F7C-0535-46C9-9BAB-B118E87F2644}.Debug|Any CPU.ActiveCfg = Debug|Any CPU
		{60E04F7C-0535-46C9-9BAB-B118E87F2644}.Debug|Any CPU.Build.0 = Debug|Any CPU
		{60E04F7C-0535-46C9-9BAB-B118E87F2644}.Release|Any CPU.ActiveCfg = Release|Any CPU
		{60E04F7C-0535-46C9-9BAB-B118E87F2644}.Release|Any CPU.Build.0 = Release|Any CPU
		{95FBAC5F-B58C-4778-B4EA-8E22F5E12C73}.Debug|Any CPU.ActiveCfg = Debug|Any CPU
		{95FBAC5F-B58C-4778-B4EA-8E22F5E12C73}.Debug|Any CPU.Build.0 = Debug|Any CPU
		{95FBAC5F-B58C-4778-B4EA-8E22F5E12C73}.Release|Any CPU.ActiveCfg = Release|Any CPU
		{95FBAC5F-B58C-4778-B4EA-8E22F5E12C73}.Release|Any CPU.Build.0 = Release|Any CPU
		{078BBA43-1C05-4C91-BF6E-61B4C7BF7788}.Debug|Any CPU.ActiveCfg = Debug|Any CPU
		{078BBA43-1C05-4C91-BF6E-61B4C7BF7788}.Debug|Any CPU.Build.0 = Debug|Any CPU
		{078BBA43-1C05-4C91-BF6E-61B4C7BF7788}.Release|Any CPU.ActiveCfg = Release|Any CPU
		{078BBA43-1C05-4C91-BF6E-61B4C7BF7788}.Release|Any CPU.Build.0 = Release|Any CPU
	EndGlobalSection
	GlobalSection(SolutionProperties) = preSolution
		HideSolutionNode = FALSE
	EndGlobalSection
	GlobalSection(ExtensibilityGlobals) = postSolution
		SolutionGuid = {7845C12C-EC2D-453F-A8C9-5D339DADB402}
	EndGlobalSection
EndGlobal
